
Microsoft Visual Studio Solution File, Format Version 12.00
# Visual Studio Version 17
VisualStudioVersion = 17.11.35327.3
MinimumVisualStudioVersion = 10.0.40219.1
Project("{9A19103F-16F7-4668-BE54-9A1E7A4F7556}") = "Final", "Final.csproj", "{9BF2CED8-06D3-4086-8170-7F07E5B490D1}"
EndProject
Global
	GlobalSection(SolutionConfigurationPlatforms) = preSolution
		Debug|Any CPU = Debug|Any CPU
		Release|Any CPU = Release|Any CPU
	EndGlobalSection
	GlobalSection(ProjectConfigurationPlatforms) = postSolution
		{9BF2CED8-06D3-4086-8170-7F07E5B490D1}.Debug|Any CPU.ActiveCfg = Debug|Any CPU
		{9BF2CED8-06D3-4086-8170-7F07E5B490D1}.Debug|Any CPU.Build.0 = Debug|Any CPU
		{9BF2CED8-06D3-4086-8170-7F07E5B490D1}.Release|Any CPU.ActiveCfg = Release|Any CPU
		{9BF2CED8-06D3-4086-8170-7F07E5B490D1}.Release|Any CPU.Build.0 = Release|Any CPU
	EndGlobalSection
	GlobalSection(SolutionProperties) = preSolution
		HideSolutionNode = FALSE
	EndGlobalSection
	GlobalSection(ExtensibilityGlobals) = postSolution
		SolutionGuid = {35AAD182-55FC-42BA-8D7E-83192824442B}
	EndGlobalSection
EndGlobal
